PODS:
  - IQKeyboardManagerSwift (4.0.8)
  - ProgressHUD (2.4)
  - SCLAlertView (0.7.0)
  - Spring (1.0.3)
  - TRMosaicLayout (1.0.0)

DEPENDENCIES:
  - IQKeyboardManagerSwift
  - ProgressHUD
  - SCLAlertView
  - Spring (from `https://github.com/MengTo/Spring.git`, branch `swift3`)
  - TRMosaicLayout

EXTERNAL SOURCES:
  Spring:
    :branch: swift3
    :git: https://github.com/MengTo/Spring.git

CHECKOUT OPTIONS:
  Spring:
    :commit: 3a9227c6e9157e7b47f5ac1ee5abab2a56b50002
    :git: https://github.com/MengTo/Spring.git

SPEC CHECKSUMS:
  IQKeyboardManagerSwift: c04bc9f68473823f825eb44d958fce98d921bead
  ProgressHUD: 4b66b0df0e08519c5c7283a198fd2867a114c95a
  SCLAlertView: 8a14ffc40590c619e183eed2298b854385f30be1
  Spring: 3f02b5dc3308572ef177b3cad0fa7bbc4b0706f7
  TRMosaicLayout: 1875505c48dd2877afd69a8bea7b4c1c63afa5b5

PODFILE CHECKSUM: 1857a18679378de43e06c49dcabf39e0b1402dc0

COCOAPODS: 1.1.1
