// !$*UTF8*$!
{
	archiveVersion = 1;
	classes = {
	};
	objectVersion = 46;
	objects = {

/* Begin PBXBuildFile section */
		3DC32F371BCF6FBBC0B2950D /* Pods_FAST_NUCES.framework in Frameworks */ = {isa = PBXBuildFile; fileRef = C8D8A9FCA70D84FFF2D22138 /* Pods_FAST_NUCES.framework */; };
		B30CF40D1E4253DC00BA6F9A /* AuthService.swift in Sources */ = {isa = PBXBuildFile; fileRef = B30CF40C1E4253DC00BA6F9A /* AuthService.swift */; };
		B30CF40F1E4254E300BA6F9A /* GoogleService-Info.plist in Resources */ = {isa = PBXBuildFile; fileRef = B30CF40E1E4254E300BA6F9A /* GoogleService-Info.plist */; };
		B31D62641E39A28400D33ED6 /* NewsDetailVC.swift in Sources */ = {isa = PBXBuildFile; fileRef = B31D62631E39A28400D33ED6 /* NewsDetailVC.swift */; };
		B328FA841E37045200E49722 /* RecentsVC.swift in Sources */ = {isa = PBXBuildFile; fileRef = B328FA821E37045200E49722 /* RecentsVC.swift */; };
		B328FA901E37057D00E49722 /* RecentCell.swift in Sources */ = {isa = PBXBuildFile; fileRef = B328FA8E1E37057D00E49722 /* RecentCell.swift */; };
		B328FA951E370A0600E49722 /* CAPSPageMenu.swift in Sources */ = {isa = PBXBuildFile; fileRef = B328FA941E370A0600E49722 /* CAPSPageMenu.swift */; };
		B33B13741E40295200EAF9A4 /* AboutVC.swift in Sources */ = {isa = PBXBuildFile; fileRef = B33B13731E40295200EAF9A4 /* AboutVC.swift */; };
		B369502C1E338D3A00E1E236 /* AppDelegate.swift in Sources */ = {isa = PBXBuildFile; fileRef = B369502B1E338D3A00E1E236 /* AppDelegate.swift */; };
		B36950311E338D3A00E1E236 /* Main.storyboard in Resources */ = {isa = PBXBuildFile; fileRef = B369502F1E338D3A00E1E236 /* Main.storyboard */; };
		B36950331E338D3A00E1E236 /* Assets.xcassets in Resources */ = {isa = PBXBuildFile; fileRef = B36950321E338D3A00E1E236 /* Assets.xcassets */; };
		B36950361E338D3A00E1E236 /* LaunchScreen.storyboard in Resources */ = {isa = PBXBuildFile; fileRef = B36950341E338D3A00E1E236 /* LaunchScreen.storyboard */; };
		B36950401E338D5D00E1E236 /* Proxima Nova Alt Regular.otf in Resources */ = {isa = PBXBuildFile; fileRef = B369503E1E338D5D00E1E236 /* Proxima Nova Alt Regular.otf */; };
		B36950411E338D5D00E1E236 /* Wisdom Script.otf in Resources */ = {isa = PBXBuildFile; fileRef = B369503F1E338D5D00E1E236 /* Wisdom Script.otf */; };
		B36E07021E63198F0068555F /* iCarousel.m in Sources */ = {isa = PBXBuildFile; fileRef = B36E07011E63198F0068555F /* iCarousel.m */; };
		B36E07041E6319CD0068555F /* Carousal.swift in Sources */ = {isa = PBXBuildFile; fileRef = B36E07031E6319CD0068555F /* Carousal.swift */; };
		B37703121E34C6C00032B5F6 /* NewsCell.swift in Sources */ = {isa = PBXBuildFile; fileRef = B37703111E34C6C00032B5F6 /* NewsCell.swift */; };
		B37703141E34D4D30032B5F6 /* UserVC.swift in Sources */ = {isa = PBXBuildFile; fileRef = B37703131E34D4D30032B5F6 /* UserVC.swift */; };
		B37703161E34D7C50032B5F6 /* UsersCell.swift in Sources */ = {isa = PBXBuildFile; fileRef = B37703151E34D7C50032B5F6 /* UsersCell.swift */; };
		B37703181E34F0E10032B5F6 /* ChatCell.swift in Sources */ = {isa = PBXBuildFile; fileRef = B37703171E34F0E10032B5F6 /* ChatCell.swift */; };
		B377031A1E34F0FA0032B5F6 /* ChatVC.swift in Sources */ = {isa = PBXBuildFile; fileRef = B37703191E34F0FA0032B5F6 /* ChatVC.swift */; };
		B38310BB1E3867B00063E2AD /* FavouritesVC.swift in Sources */ = {isa = PBXBuildFile; fileRef = B38310B91E3867B00063E2AD /* FavouritesVC.swift */; };
		B38310C11E3869360063E2AD /* FavouritesCell.swift in Sources */ = {isa = PBXBuildFile; fileRef = B38310BF1E3869360063E2AD /* FavouritesCell.swift */; };
		B39002C51E446916000CDCB2 /* DataService.swift in Sources */ = {isa = PBXBuildFile; fileRef = B39002C41E446916000CDCB2 /* DataService.swift */; };
		B394F5E91E33DD0400AB5CC5 /* MainVC.swift in Sources */ = {isa = PBXBuildFile; fileRef = B394F5E81E33DD0400AB5CC5 /* MainVC.swift */; };
		B394F5EC1E33DD2800AB5CC5 /* LoginVC.swift in Sources */ = {isa = PBXBuildFile; fileRef = B394F5EB1E33DD2800AB5CC5 /* LoginVC.swift */; };
		B39D69B71E33EA0200F80DC5 /* SignUpVC.swift in Sources */ = {isa = PBXBuildFile; fileRef = B39D69B61E33EA0200F80DC5 /* SignUpVC.swift */; };
		B3B9BD6C1E439BE7006A0F1A /* Users.swift in Sources */ = {isa = PBXBuildFile; fileRef = B3B9BD6B1E439BE7006A0F1A /* Users.swift */; };
		B3BF54E61E34A77D00D204C7 /* SWRevealViewController.m in Sources */ = {isa = PBXBuildFile; fileRef = B3BF54E51E34A77D00D204C7 /* SWRevealViewController.m */; };
		B3BF54E81E34ABFE00D204C7 /* NewsVC.swift in Sources */ = {isa = PBXBuildFile; fileRef = B3BF54E71E34ABFE00D204C7 /* NewsVC.swift */; };
		B3BF54EA1E34AC0A00D204C7 /* Popular.swift in Sources */ = {isa = PBXBuildFile; fileRef = B3BF54E91E34AC0A00D204C7 /* Popular.swift */; };
		B3C532971E4CC3BA00393891 /* News.swift in Sources */ = {isa = PBXBuildFile; fileRef = B3C532961E4CC3BA00393891 /* News.swift */; };
		B3C5A1651E4BA672003A88CF /* WebDetailVC.swift in Sources */ = {isa = PBXBuildFile; fileRef = B3C5A1641E4BA672003A88CF /* WebDetailVC.swift */; };
		B3C74E7C1E4F73D600EAC6DA /* RecentDetailVC.swift in Sources */ = {isa = PBXBuildFile; fileRef = B3C74E7B1E4F73D600EAC6DA /* RecentDetailVC.swift */; };
		B3C74E7E1E4F73ED00EAC6DA /* FavDetailVC.swift in Sources */ = {isa = PBXBuildFile; fileRef = B3C74E7D1E4F73ED00EAC6DA /* FavDetailVC.swift */; };
		B3C74E801E4F78F700EAC6DA /* Recent.swift in Sources */ = {isa = PBXBuildFile; fileRef = B3C74E7F1E4F78F700EAC6DA /* Recent.swift */; };
		B3C74E821E4F790600EAC6DA /* Favourites.swift in Sources */ = {isa = PBXBuildFile; fileRef = B3C74E811E4F790600EAC6DA /* Favourites.swift */; };
		B3D2D3F31E652B6A00D2919D /* Sound.swift in Sources */ = {isa = PBXBuildFile; fileRef = B3D2D3F21E652B6A00D2919D /* Sound.swift */; };
		B3D2D3F71E652D5200D2919D /* click.wav in Resources */ = {isa = PBXBuildFile; fileRef = B3D2D3F61E652D5200D2919D /* click.wav */; };
		B3DDCABE1E489AA6004B94C3 /* Popular.storyboard in Resources */ = {isa = PBXBuildFile; fileRef = B3DDCABC1E489AA6004B94C3 /* Popular.storyboard */; };
		B3DDCAC01E489AF6004B94C3 /* NewsFeed.storyboard in Resources */ = {isa = PBXBuildFile; fileRef = B3DDCABF1E489AF6004B94C3 /* NewsFeed.storyboard */; };
		B3DDCAC31E489B6C004B94C3 /* Credit.storyboard in Resources */ = {isa = PBXBuildFile; fileRef = B3DDCAC11E489B6C004B94C3 /* Credit.storyboard */; };
		B3DDCAC51E489B98004B94C3 /* Users.storyboard in Resources */ = {isa = PBXBuildFile; fileRef = B3DDCAC41E489B98004B94C3 /* Users.storyboard */; };
		B3EE4DD91E5052620053B1F0 /* CHTCollectionViewWaterfallLayout.swift in Sources */ = {isa = PBXBuildFile; fileRef = B3EE4DD81E5052620053B1F0 /* CHTCollectionViewWaterfallLayout.swift */; };
		B3F2EEA51E439AD200A7B71A /* MenuVC.swift in Sources */ = {isa = PBXBuildFile; fileRef = B3F2EEA41E439AD200A7B71A /* MenuVC.swift */; };
		B3F2EEA71E44535600A7B71A /* MenuCell.swift in Sources */ = {isa = PBXBuildFile; fileRef = B3F2EEA61E44535600A7B71A /* MenuCell.swift */; };
/* End PBXBuildFile section */

/* Begin PBXFileReference section */
		B30CF40C1E4253DC00BA6F9A /* AuthService.swift */ = {isa = PBXFileReference; fileEncoding = 4; lastKnownFileType = sourcecode.swift; path = AuthService.swift; sourceTree = "<group>"; };
		B30CF40E1E4254E300BA6F9A /* GoogleService-Info.plist */ = {isa = PBXFileReference; fileEncoding = 4; lastKnownFileType = text.plist.xml; path = "GoogleService-Info.plist"; sourceTree = "<group>"; };
		B31D62631E39A28400D33ED6 /* NewsDetailVC.swift */ = {isa = PBXFileReference; fileEncoding = 4; lastKnownFileType = sourcecode.swift; path = NewsDetailVC.swift; sourceTree = "<group>"; };
		B328FA821E37045200E49722 /* RecentsVC.swift */ = {isa = PBXFileReference; fileEncoding = 4; lastKnownFileType = sourcecode.swift; path = RecentsVC.swift; sourceTree = "<group>"; };
		B328FA8E1E37057D00E49722 /* RecentCell.swift */ = {isa = PBXFileReference; fileEncoding = 4; lastKnownFileType = sourcecode.swift; path = RecentCell.swift; sourceTree = "<group>"; };
		B328FA941E370A0600E49722 /* CAPSPageMenu.swift */ = {isa = PBXFileReference; fileEncoding = 4; lastKnownFileType = sourcecode.swift; name = CAPSPageMenu.swift; path = ../CAPSPageMenu.swift; sourceTree = "<group>"; };
		B33B13731E40295200EAF9A4 /* AboutVC.swift */ = {isa = PBXFileReference; fileEncoding = 4; lastKnownFileType = sourcecode.swift; path = AboutVC.swift; sourceTree = "<group>"; };
		B36950281E338D3A00E1E236 /* FAST NUCES.app */ = {isa = PBXFileReference; explicitFileType = wrapper.application; includeInIndex = 0; path = "FAST NUCES.app"; sourceTree = BUILT_PRODUCTS_DIR; };
		B369502B1E338D3A00E1E236 /* AppDelegate.swift */ = {isa = PBXFileReference; lastKnownFileType = sourcecode.swift; path = AppDelegate.swift; sourceTree = "<group>"; };
		B36950301E338D3A00E1E236 /* Base */ = {isa = PBXFileReference; lastKnownFileType = file.storyboard; name = Base; path = Base.lproj/Main.storyboard; sourceTree = "<group>"; };
		B36950321E338D3A00E1E236 /* Assets.xcassets */ = {isa = PBXFileReference; lastKnownFileType = folder.assetcatalog; path = Assets.xcassets; sourceTree = "<group>"; };
		B36950351E338D3A00E1E236 /* Base */ = {isa = PBXFileReference; lastKnownFileType = file.storyboard; name = Base; path = Base.lproj/LaunchScreen.storyboard; sourceTree = "<group>"; };
		B36950371E338D3A00E1E236 /* Info.plist */ = {isa = PBXFileReference; lastKnownFileType = text.plist.xml; path = Info.plist; sourceTree = "<group>"; };
		B369503E1E338D5D00E1E236 /* Proxima Nova Alt Regular.otf */ = {isa = PBXFileReference; lastKnownFileType = file; path = "Proxima Nova Alt Regular.otf"; sourceTree = "<group>"; };
		B369503F1E338D5D00E1E236 /* Wisdom Script.otf */ = {isa = PBXFileReference; lastKnownFileType = file; path = "Wisdom Script.otf"; sourceTree = "<group>"; };
		B36E07001E63198F0068555F /* iCarousel.h */ = {isa = PBXFileReference; fileEncoding = 4; lastKnownFileType = sourcecode.c.h; path = iCarousel.h; sourceTree = "<group>"; };
		B36E07011E63198F0068555F /* iCarousel.m */ = {isa = PBXFileReference; fileEncoding = 4; lastKnownFileType = sourcecode.c.objc; path = iCarousel.m; sourceTree = "<group>"; };
		B36E07031E6319CD0068555F /* Carousal.swift */ = {isa = PBXFileReference; fileEncoding = 4; lastKnownFileType = sourcecode.swift; path = Carousal.swift; sourceTree = "<group>"; };
		B377030F1E34B4190032B5F6 /* Proxima Nova Light.otf */ = {isa = PBXFileReference; lastKnownFileType = file; path = "Proxima Nova Light.otf"; sourceTree = "<group>"; };
		B37703111E34C6C00032B5F6 /* NewsCell.swift */ = {isa = PBXFileReference; fileEncoding = 4; lastKnownFileType = sourcecode.swift; path = NewsCell.swift; sourceTree = "<group>"; };
		B37703131E34D4D30032B5F6 /* UserVC.swift */ = {isa = PBXFileReference; fileEncoding = 4; lastKnownFileType = sourcecode.swift; path = UserVC.swift; sourceTree = "<group>"; };
		B37703151E34D7C50032B5F6 /* UsersCell.swift */ = {isa = PBXFileReference; fileEncoding = 4; lastKnownFileType = sourcecode.swift; path = UsersCell.swift; sourceTree = "<group>"; };
		B37703171E34F0E10032B5F6 /* ChatCell.swift */ = {isa = PBXFileReference; fileEncoding = 4; lastKnownFileType = sourcecode.swift; path = ChatCell.swift; sourceTree = "<group>"; };
		B37703191E34F0FA0032B5F6 /* ChatVC.swift */ = {isa = PBXFileReference; fileEncoding = 4; lastKnownFileType = sourcecode.swift; path = ChatVC.swift; sourceTree = "<group>"; };
		B38310B91E3867B00063E2AD /* FavouritesVC.swift */ = {isa = PBXFileReference; fileEncoding = 4; lastKnownFileType = sourcecode.swift; path = FavouritesVC.swift; sourceTree = "<group>"; };
		B38310BF1E3869360063E2AD /* FavouritesCell.swift */ = {isa = PBXFileReference; fileEncoding = 4; lastKnownFileType = sourcecode.swift; path = FavouritesCell.swift; sourceTree = "<group>"; };
		B39002C41E446916000CDCB2 /* DataService.swift */ = {isa = PBXFileReference; fileEncoding = 4; lastKnownFileType = sourcecode.swift; path = DataService.swift; sourceTree = "<group>"; };
		B394F5E81E33DD0400AB5CC5 /* MainVC.swift */ = {isa = PBXFileReference; fileEncoding = 4; lastKnownFileType = sourcecode.swift; path = MainVC.swift; sourceTree = "<group>"; };
		B394F5EB1E33DD2800AB5CC5 /* LoginVC.swift */ = {isa = PBXFileReference; fileEncoding = 4; lastKnownFileType = sourcecode.swift; path = LoginVC.swift; sourceTree = "<group>"; };
		B39D69B61E33EA0200F80DC5 /* SignUpVC.swift */ = {isa = PBXFileReference; fileEncoding = 4; lastKnownFileType = sourcecode.swift; path = SignUpVC.swift; sourceTree = "<group>"; };
		B3B9BD6B1E439BE7006A0F1A /* Users.swift */ = {isa = PBXFileReference; fileEncoding = 4; lastKnownFileType = sourcecode.swift; path = Users.swift; sourceTree = "<group>"; };
		B3BF54E31E34A77C00D204C7 /* FAST NUCES-Bridging-Header.h */ = {isa = PBXFileReference; lastKnownFileType = sourcecode.c.h; path = "FAST NUCES-Bridging-Header.h"; sourceTree = "<group>"; };
		B3BF54E41E34A77D00D204C7 /* SWRevealViewController.h */ = {isa = PBXFileReference; fileEncoding = 4; lastKnownFileType = sourcecode.c.h; path = SWRevealViewController.h; sourceTree = "<group>"; };
		B3BF54E51E34A77D00D204C7 /* SWRevealViewController.m */ = {isa = PBXFileReference; fileEncoding = 4; lastKnownFileType = sourcecode.c.objc; path = SWRevealViewController.m; sourceTree = "<group>"; };
		B3BF54E71E34ABFE00D204C7 /* NewsVC.swift */ = {isa = PBXFileReference; fileEncoding = 4; lastKnownFileType = sourcecode.swift; path = NewsVC.swift; sourceTree = "<group>"; };
		B3BF54E91E34AC0A00D204C7 /* Popular.swift */ = {isa = PBXFileReference; fileEncoding = 4; lastKnownFileType = sourcecode.swift; path = Popular.swift; sourceTree = "<group>"; };
		B3C532961E4CC3BA00393891 /* News.swift */ = {isa = PBXFileReference; fileEncoding = 4; lastKnownFileType = sourcecode.swift; path = News.swift; sourceTree = "<group>"; };
		B3C5A1641E4BA672003A88CF /* WebDetailVC.swift */ = {isa = PBXFileReference; fileEncoding = 4; lastKnownFileType = sourcecode.swift; path = WebDetailVC.swift; sourceTree = "<group>"; };
		B3C74E7B1E4F73D600EAC6DA /* RecentDetailVC.swift */ = {isa = PBXFileReference; fileEncoding = 4; lastKnownFileType = sourcecode.swift; path = RecentDetailVC.swift; sourceTree = "<group>"; };
		B3C74E7D1E4F73ED00EAC6DA /* FavDetailVC.swift */ = {isa = PBXFileReference; fileEncoding = 4; lastKnownFileType = sourcecode.swift; path = FavDetailVC.swift; sourceTree = "<group>"; };
		B3C74E7F1E4F78F700EAC6DA /* Recent.swift */ = {isa = PBXFileReference; fileEncoding = 4; lastKnownFileType = sourcecode.swift; path = Recent.swift; sourceTree = "<group>"; };
		B3C74E811E4F790600EAC6DA /* Favourites.swift */ = {isa = PBXFileReference; fileEncoding = 4; lastKnownFileType = sourcecode.swift; path = Favourites.swift; sourceTree = "<group>"; };
		B3D2D3F21E652B6A00D2919D /* Sound.swift */ = {isa = PBXFileReference; fileEncoding = 4; lastKnownFileType = sourcecode.swift; path = Sound.swift; sourceTree = "<group>"; };
		B3D2D3F61E652D5200D2919D /* click.wav */ = {isa = PBXFileReference; lastKnownFileType = audio.wav; path = click.wav; sourceTree = "<group>"; };
		B3DDCABD1E489AA6004B94C3 /* Base */ = {isa = PBXFileReference; lastKnownFileType = file.storyboard; name = Base; path = Base.lproj/Popular.storyboard; sourceTree = "<group>"; };
		B3DDCABF1E489AF6004B94C3 /* NewsFeed.storyboard */ = {isa = PBXFileReference; fileEncoding = 4; lastKnownFileType = file.storyboard; path = NewsFeed.storyboard; sourceTree = "<group>"; };
		B3DDCAC21E489B6C004B94C3 /* Base */ = {isa = PBXFileReference; lastKnownFileType = file.storyboard; name = Base; path = Base.lproj/Credit.storyboard; sourceTree = "<group>"; };
		B3DDCAC41E489B98004B94C3 /* Users.storyboard */ = {isa = PBXFileReference; fileEncoding = 4; lastKnownFileType = file.storyboard; path = Users.storyboard; sourceTree = "<group>"; };
		B3EE4DD81E5052620053B1F0 /* CHTCollectionViewWaterfallLayout.swift */ = {isa = PBXFileReference; fileEncoding = 4; lastKnownFileType = sourcecode.swift; path = CHTCollectionViewWaterfallLayout.swift; sourceTree = "<group>"; };
		B3F2EEA41E439AD200A7B71A /* MenuVC.swift */ = {isa = PBXFileReference; fileEncoding = 4; lastKnownFileType = sourcecode.swift; path = MenuVC.swift; sourceTree = "<group>"; };
		B3F2EEA61E44535600A7B71A /* MenuCell.swift */ = {isa = PBXFileReference; fileEncoding = 4; lastKnownFileType = sourcecode.swift; path = MenuCell.swift; sourceTree = "<group>"; };
		C79BC17CD0F43ABD13B28C34 /* Pods-FAST NUCES.release.xcconfig */ = {isa = PBXFileReference; includeInIndex = 1; lastKnownFileType = text.xcconfig; name = "Pods-FAST NUCES.release.xcconfig"; path = "Pods/Target Support Files/Pods-FAST NUCES/Pods-FAST NUCES.release.xcconfig"; sourceTree = "<group>"; };
		C8D8A9FCA70D84FFF2D22138 /* Pods_FAST_NUCES.framework */ = {isa = PBXFileReference; explicitFileType = wrapper.framework; includeInIndex = 0; path = Pods_FAST_NUCES.framework; sourceTree = BUILT_PRODUCTS_DIR; };
		D36E7B50C970D5A5309B4E89 /* Pods-FAST NUCES.debug.xcconfig */ = {isa = PBXFileReference; includeInIndex = 1; lastKnownFileType = text.xcconfig; name = "Pods-FAST NUCES.debug.xcconfig"; path = "Pods/Target Support Files/Pods-FAST NUCES/Pods-FAST NUCES.debug.xcconfig"; sourceTree = "<group>"; };
/* End PBXFileReference section */

/* Begin PBXFrameworksBuildPhase section */
		B36950251E338D3900E1E236 /* Frameworks */ = {
			isa = PBXFrameworksBuildPhase;
			buildActionMask = 2147483647;
			files = (
				3DC32F371BCF6FBBC0B2950D /* Pods_FAST_NUCES.framework in Frameworks */,
			);
			runOnlyForDeploymentPostprocessing = 0;
		};
/* End PBXFrameworksBuildPhase section */

/* Begin PBXGroup section */
		176421ACD1A503A6791D5E84 /* Frameworks */ = {
			isa = PBXGroup;
			children = (
				C8D8A9FCA70D84FFF2D22138 /* Pods_FAST_NUCES.framework */,
			);
			name = Frameworks;
			sourceTree = "<group>";
		};
		1CC4435253B9EEE47CD29F01 /* Pods */ = {
			isa = PBXGroup;
			children = (
				D36E7B50C970D5A5309B4E89 /* Pods-FAST NUCES.debug.xcconfig */,
				C79BC17CD0F43ABD13B28C34 /* Pods-FAST NUCES.release.xcconfig */,
			);
			name = Pods;
			sourceTree = "<group>";
		};
		B30CF40B1E4253C000BA6F9A /* Services */ = {
			isa = PBXGroup;
			children = (
				B30CF40C1E4253DC00BA6F9A /* AuthService.swift */,
				B39002C41E446916000CDCB2 /* DataService.swift */,
			);
			name = Services;
			sourceTree = "<group>";
		};
		B369501F1E338D3900E1E236 = {
			isa = PBXGroup;
			children = (
				B369502A1E338D3A00E1E236 /* FAST NUCES */,
				B36950291E338D3A00E1E236 /* Products */,
				1CC4435253B9EEE47CD29F01 /* Pods */,
				176421ACD1A503A6791D5E84 /* Frameworks */,
			);
			sourceTree = "<group>";
		};
		B36950291E338D3A00E1E236 /* Products */ = {
			isa = PBXGroup;
			children = (
				B36950281E338D3A00E1E236 /* FAST NUCES.app */,
			);
			name = Products;
			sourceTree = "<group>";
		};
		B369502A1E338D3A00E1E236 /* FAST NUCES */ = {
			isa = PBXGroup;
			children = (
				B3BF54E31E34A77C00D204C7 /* FAST NUCES-Bridging-Header.h */,
				B3D2D3F61E652D5200D2919D /* click.wav */,
				B3DDCABB1E4899B4004B94C3 /* Other */,
				B3B9BD6A1E439BD8006A0F1A /* Modal */,
				B30CF40B1E4253C000BA6F9A /* Services */,
				B3C995591E3AEB580062F039 /* Resources */,
				B37703101E34C69F0032B5F6 /* Views */,
				B394F5EA1E33DD0A00AB5CC5 /* Controllers */,
			);
			path = "FAST NUCES";
			sourceTree = "<group>";
		};
		B369503D1E338D4900E1E236 /* Fonts */ = {
			isa = PBXGroup;
			children = (
				B377030F1E34B4190032B5F6 /* Proxima Nova Light.otf */,
				B369503E1E338D5D00E1E236 /* Proxima Nova Alt Regular.otf */,
				B369503F1E338D5D00E1E236 /* Wisdom Script.otf */,
			);
			name = Fonts;
			path = ..;
			sourceTree = "<group>";
		};
		B36E06FD1E6318E70068555F /* CollectionVIewLayout */ = {
			isa = PBXGroup;
			children = (
				B3EE4DD81E5052620053B1F0 /* CHTCollectionViewWaterfallLayout.swift */,
			);
			name = CollectionVIewLayout;
			sourceTree = "<group>";
		};
		B36E06FE1E63190B0068555F /* PageMenuLayout */ = {
			isa = PBXGroup;
			children = (
				B328FA941E370A0600E49722 /* CAPSPageMenu.swift */,
			);
			name = PageMenuLayout;
			sourceTree = "<group>";
		};
		B36E06FF1E63195A0068555F /* iCarousal */ = {
			isa = PBXGroup;
			children = (
				B36E07001E63198F0068555F /* iCarousel.h */,
				B36E07011E63198F0068555F /* iCarousel.m */,
			);
			name = iCarousal;
			sourceTree = "<group>";
		};
		B37703101E34C69F0032B5F6 /* Views */ = {
			isa = PBXGroup;
			children = (
				B37703111E34C6C00032B5F6 /* NewsCell.swift */,
				B37703151E34D7C50032B5F6 /* UsersCell.swift */,
				B37703171E34F0E10032B5F6 /* ChatCell.swift */,
				B328FA8E1E37057D00E49722 /* RecentCell.swift */,
				B38310BF1E3869360063E2AD /* FavouritesCell.swift */,
				B3F2EEA61E44535600A7B71A /* MenuCell.swift */,
			);
			name = Views;
			sourceTree = "<group>";
		};
		B394F5EA1E33DD0A00AB5CC5 /* Controllers */ = {
			isa = PBXGroup;
			children = (
				B3BF54E71E34ABFE00D204C7 /* NewsVC.swift */,
				B38310B91E3867B00063E2AD /* FavouritesVC.swift */,
				B328FA821E37045200E49722 /* RecentsVC.swift */,
				B394F5E81E33DD0400AB5CC5 /* MainVC.swift */,
				B394F5EB1E33DD2800AB5CC5 /* LoginVC.swift */,
				B39D69B61E33EA0200F80DC5 /* SignUpVC.swift */,
				B3BF54E91E34AC0A00D204C7 /* Popular.swift */,
				B37703131E34D4D30032B5F6 /* UserVC.swift */,
				B37703191E34F0FA0032B5F6 /* ChatVC.swift */,
				B33B13731E40295200EAF9A4 /* AboutVC.swift */,
				B3F2EEA41E439AD200A7B71A /* MenuVC.swift */,
				B3C5A1641E4BA672003A88CF /* WebDetailVC.swift */,
				B31D62631E39A28400D33ED6 /* NewsDetailVC.swift */,
				B3C74E7B1E4F73D600EAC6DA /* RecentDetailVC.swift */,
				B3C74E7D1E4F73ED00EAC6DA /* FavDetailVC.swift */,
			);
			name = Controllers;
			sourceTree = "<group>";
		};
		B3B9BD6A1E439BD8006A0F1A /* Modal */ = {
			isa = PBXGroup;
			children = (
				B3B9BD6B1E439BE7006A0F1A /* Users.swift */,
				B3C532961E4CC3BA00393891 /* News.swift */,
				B3C74E7F1E4F78F700EAC6DA /* Recent.swift */,
				B3C74E811E4F790600EAC6DA /* Favourites.swift */,
				B36E07031E6319CD0068555F /* Carousal.swift */,
			);
			name = Modal;
			sourceTree = "<group>";
		};
		B3BF54E21E34A75700D204C7 /* SWRevealViewController */ = {
			isa = PBXGroup;
			children = (
				B3BF54E41E34A77D00D204C7 /* SWRevealViewController.h */,
				B3BF54E51E34A77D00D204C7 /* SWRevealViewController.m */,
			);
			name = SWRevealViewController;
			path = ..;
			sourceTree = "<group>";
		};
		B3C995591E3AEB580062F039 /* Resources */ = {
			isa = PBXGroup;
			children = (
				B3D2D3F21E652B6A00D2919D /* Sound.swift */,
				B36E06FF1E63195A0068555F /* iCarousal */,
				B36E06FE1E63190B0068555F /* PageMenuLayout */,
				B36E06FD1E6318E70068555F /* CollectionVIewLayout */,
				B369503D1E338D4900E1E236 /* Fonts */,
				B3BF54E21E34A75700D204C7 /* SWRevealViewController */,
			);
			name = Resources;
			path = Source;
			sourceTree = "<group>";
		};
		B3DDCABB1E4899B4004B94C3 /* Other */ = {
			isa = PBXGroup;
			children = (
				B369502B1E338D3A00E1E236 /* AppDelegate.swift */,
				B369502F1E338D3A00E1E236 /* Main.storyboard */,
				B3DDCAC41E489B98004B94C3 /* Users.storyboard */,
				B3DDCAC11E489B6C004B94C3 /* Credit.storyboard */,
				B3DDCABF1E489AF6004B94C3 /* NewsFeed.storyboard */,
				B3DDCABC1E489AA6004B94C3 /* Popular.storyboard */,
				B36950341E338D3A00E1E236 /* LaunchScreen.storyboard */,
				B36950321E338D3A00E1E236 /* Assets.xcassets */,
				B36950371E338D3A00E1E236 /* Info.plist */,
				B30CF40E1E4254E300BA6F9A /* GoogleService-Info.plist */,
			);
			name = Other;
			sourceTree = "<group>";
		};
/* End PBXGroup section */

/* Begin PBXNativeTarget section */
		B36950271E338D3900E1E236 /* FAST NUCES */ = {
			isa = PBXNativeTarget;
			buildConfigurationList = B369503A1E338D3A00E1E236 /* Build configuration list for PBXNativeTarget "FAST NUCES" */;
			buildPhases = (
				734B544606C5847CF5411C09 /* [CP] Check Pods Manifest.lock */,
				B36950241E338D3900E1E236 /* Sources */,
				B36950251E338D3900E1E236 /* Frameworks */,
				B36950261E338D3900E1E236 /* Resources */,
				2A5678279150504B0A876D07 /* [CP] Embed Pods Frameworks */,
				FB816AF678508FA318CD262A /* [CP] Copy Pods Resources */,
			);
			buildRules = (
			);
			dependencies = (
			);
			name = "FAST NUCES";
			productName = "FAST NUCES";
			productReference = B36950281E338D3A00E1E236 /* FAST NUCES.app */;
			productType = "com.apple.product-type.application";
		};
/* End PBXNativeTarget section */

/* Begin PBXProject section */
		B36950201E338D3900E1E236 /* Project object */ = {
			isa = PBXProject;
			attributes = {
				LastSwiftUpdateCheck = 0820;
				LastUpgradeCheck = 0820;
				ORGANIZATIONNAME = Faizan;
				TargetAttributes = {
					B36950271E338D3900E1E236 = {
						CreatedOnToolsVersion = 8.2;
						DevelopmentTeam = KZCXBDTJNS;
						LastSwiftMigration = 0820;
						ProvisioningStyle = Automatic;
					};
				};
			};
			buildConfigurationList = B36950231E338D3900E1E236 /* Build configuration list for PBXProject "FAST NUCES" */;
			compatibilityVersion = "Xcode 3.2";
			developmentRegion = English;
			hasScannedForEncodings = 0;
			knownRegions = (
				en,
				Base,
			);
			mainGroup = B369501F1E338D3900E1E236;
			productRefGroup = B36950291E338D3A00E1E236 /* Products */;
			projectDirPath = "";
			projectRoot = "";
			targets = (
				B36950271E338D3900E1E236 /* FAST NUCES */,
			);
		};
/* End PBXProject section */

/* Begin PBXResourcesBuildPhase section */
		B36950261E338D3900E1E236 /* Resources */ = {
			isa = PBXResourcesBuildPhase;
			buildActionMask = 2147483647;
			files = (
				B36950411E338D5D00E1E236 /* Wisdom Script.otf in Resources */,
				B3DDCAC51E489B98004B94C3 /* Users.storyboard in Resources */,
				B36950401E338D5D00E1E236 /* Proxima Nova Alt Regular.otf in Resources */,
				B3D2D3F71E652D5200D2919D /* click.wav in Resources */,
				B36950361E338D3A00E1E236 /* LaunchScreen.storyboard in Resources */,
				B3DDCAC01E489AF6004B94C3 /* NewsFeed.storyboard in Resources */,
				B3DDCABE1E489AA6004B94C3 /* Popular.storyboard in Resources */,
				B36950331E338D3A00E1E236 /* Assets.xcassets in Resources */,
				B3DDCAC31E489B6C004B94C3 /* Credit.storyboard in Resources */,
				B36950311E338D3A00E1E236 /* Main.storyboard in Resources */,
				B30CF40F1E4254E300BA6F9A /* GoogleService-Info.plist in Resources */,
			);
			runOnlyForDeploymentPostprocessing = 0;
		};
/* End PBXResourcesBuildPhase section */

/* Begin PBXShellScriptBuildPhase section */
		2A5678279150504B0A876D07 /* [CP] Embed Pods Frameworks */ = {
			isa = PBXShellScriptBuildPhase;
			buildActionMask = 2147483647;
			files = (
			);
			inputPaths = (
			);
			name = "[CP] Embed Pods Frameworks";
			outputPaths = (
			);
			runOnlyForDeploymentPostprocessing = 0;
			shellPath = /bin/sh;
			shellScript = "\"${SRCROOT}/Pods/Target Support Files/Pods-FAST NUCES/Pods-FAST NUCES-frameworks.sh\"\n";
			showEnvVarsInLog = 0;
		};
		734B544606C5847CF5411C09 /* [CP] Check Pods Manifest.lock */ = {
			isa = PBXShellScriptBuildPhase;
			buildActionMask = 2147483647;
			files = (
			);
			inputPaths = (
			);
			name = "[CP] Check Pods Manifest.lock";
			outputPaths = (
			);
			runOnlyForDeploymentPostprocessing = 0;
			shellPath = /bin/sh;
			shellScript = "diff \"${PODS_ROOT}/../Podfile.lock\" \"${PODS_ROOT}/Manifest.lock\" > /dev/null\nif [ $? != 0 ] ; then\n    # print error to STDERR\n    echo \"error: The sandbox is not in sync with the Podfile.lock. Run 'pod install' or update your CocoaPods installation.\" >&2\n    exit 1\nfi\n";
			showEnvVarsInLog = 0;
		};
		FB816AF678508FA318CD262A /* [CP] Copy Pods Resources */ = {
			isa = PBXShellScriptBuildPhase;
			buildActionMask = 2147483647;
			files = (
			);
			inputPaths = (
			);
			name = "[CP] Copy Pods Resources";
			outputPaths = (
			);
			runOnlyForDeploymentPostprocessing = 0;
			shellPath = /bin/sh;
			shellScript = "\"${SRCROOT}/Pods/Target Support Files/Pods-FAST NUCES/Pods-FAST NUCES-resources.sh\"\n";
			showEnvVarsInLog = 0;
		};
/* End PBXShellScriptBuildPhase section */

/* Begin PBXSourcesBuildPhase section */
		B36950241E338D3900E1E236 /* Sources */ = {
			isa = PBXSourcesBuildPhase;
			buildActionMask = 2147483647;
			files = (
				B328FA951E370A0600E49722 /* CAPSPageMenu.swift in Sources */,
				B377031A1E34F0FA0032B5F6 /* ChatVC.swift in Sources */,
				B3F2EEA71E44535600A7B71A /* MenuCell.swift in Sources */,
				B37703141E34D4D30032B5F6 /* UserVC.swift in Sources */,
				B3C74E7E1E4F73ED00EAC6DA /* FavDetailVC.swift in Sources */,
				B3D2D3F31E652B6A00D2919D /* Sound.swift in Sources */,
				B38310BB1E3867B00063E2AD /* FavouritesVC.swift in Sources */,
				B38310C11E3869360063E2AD /* FavouritesCell.swift in Sources */,
				B33B13741E40295200EAF9A4 /* AboutVC.swift in Sources */,
				B3C74E821E4F790600EAC6DA /* Favourites.swift in Sources */,
				B37703121E34C6C00032B5F6 /* NewsCell.swift in Sources */,
				B37703181E34F0E10032B5F6 /* ChatCell.swift in Sources */,
				B3BF54E81E34ABFE00D204C7 /* NewsVC.swift in Sources */,
				B3EE4DD91E5052620053B1F0 /* CHTCollectionViewWaterfallLayout.swift in Sources */,
				B39D69B71E33EA0200F80DC5 /* SignUpVC.swift in Sources */,
				B37703161E34D7C50032B5F6 /* UsersCell.swift in Sources */,
				B31D62641E39A28400D33ED6 /* NewsDetailVC.swift in Sources */,
				B328FA841E37045200E49722 /* RecentsVC.swift in Sources */,
				B36E07021E63198F0068555F /* iCarousel.m in Sources */,
				B394F5E91E33DD0400AB5CC5 /* MainVC.swift in Sources */,
				B36E07041E6319CD0068555F /* Carousal.swift in Sources */,
				B3C74E7C1E4F73D600EAC6DA /* RecentDetailVC.swift in Sources */,
				B3BF54E61E34A77D00D204C7 /* SWRevealViewController.m in Sources */,
				B3C74E801E4F78F700EAC6DA /* Recent.swift in Sources */,
				B3B9BD6C1E439BE7006A0F1A /* Users.swift in Sources */,
				B3C5A1651E4BA672003A88CF /* WebDetailVC.swift in Sources */,
				B328FA901E37057D00E49722 /* RecentCell.swift in Sources */,
				B39002C51E446916000CDCB2 /* DataService.swift in Sources */,
				B369502C1E338D3A00E1E236 /* AppDelegate.swift in Sources */,
				B394F5EC1E33DD2800AB5CC5 /* LoginVC.swift in Sources */,
				B3BF54EA1E34AC0A00D204C7 /* Popular.swift in Sources */,
				B30CF40D1E4253DC00BA6F9A /* AuthService.swift in Sources */,
				B3C532971E4CC3BA00393891 /* News.swift in Sources */,
				B3F2EEA51E439AD200A7B71A /* MenuVC.swift in Sources */,
			);
			runOnlyForDeploymentPostprocessing = 0;
		};
/* End PBXSourcesBuildPhase section */

/* Begin PBXVariantGroup section */
		B369502F1E338D3A00E1E236 /* Main.storyboard */ = {
			isa = PBXVariantGroup;
			children = (
				B36950301E338D3A00E1E236 /* Base */,
			);
			name = Main.storyboard;
			sourceTree = "<group>";
		};
		B36950341E338D3A00E1E236 /* LaunchScreen.storyboard */ = {
			isa = PBXVariantGroup;
			children = (
				B36950351E338D3A00E1E236 /* Base */,
			);
			name = LaunchScreen.storyboard;
			sourceTree = "<group>";
		};
		B3DDCABC1E489AA6004B94C3 /* Popular.storyboard */ = {
			isa = PBXVariantGroup;
			children = (
				B3DDCABD1E489AA6004B94C3 /* Base */,
			);
			name = Popular.storyboard;
			sourceTree = "<group>";
		};
		B3DDCAC11E489B6C004B94C3 /* Credit.storyboard */ = {
			isa = PBXVariantGroup;
			children = (
				B3DDCAC21E489B6C004B94C3 /* Base */,
			);
			name = Credit.storyboard;
			sourceTree = "<group>";
		};
/* End PBXVariantGroup section */

/* Begin XCBuildConfiguration section */
		B36950381E338D3A00E1E236 /* Debug */ = {
			isa = XCBuildConfiguration;
			buildSettings = {
				ALWAYS_SEARCH_USER_PATHS = NO;
				CLANG_ANALYZER_NONNULL = YES;
				CLANG_CXX_LANGUAGE_STANDARD = "gnu++0x";
				CLANG_CXX_LIBRARY = "libc++";
				CLANG_ENABLE_MODULES = YES;
				CLANG_ENABLE_OBJC_ARC = YES;
				CLANG_WARN_BOOL_CONVERSION = YES;
				CLANG_WARN_CONSTANT_CONVERSION = YES;
				CLANG_WARN_DIRECT_OBJC_ISA_USAGE = YES_ERROR;
				CLANG_WARN_DOCUMENTATION_COMMENTS = YES;
				CLANG_WARN_EMPTY_BODY = YES;
				CLANG_WARN_ENUM_CONVERSION = YES;
				CLANG_WARN_INFINITE_RECURSION = YES;
				CLANG_WARN_INT_CONVERSION = YES;
				CLANG_WARN_OBJC_ROOT_CLASS = YES_ERROR;
				CLANG_WARN_SUSPICIOUS_MOVE = YES;
				CLANG_WARN_UNREACHABLE_CODE = YES;
				CLANG_WARN__DUPLICATE_METHOD_MATCH = YES;
				"CODE_SIGN_IDENTITY[sdk=iphoneos*]" = "iPhone Developer";
				COPY_PHASE_STRIP = NO;
				DEBUG_INFORMATION_FORMAT = dwarf;
				ENABLE_STRICT_OBJC_MSGSEND = YES;
				ENABLE_TESTABILITY = YES;
				GCC_C_LANGUAGE_STANDARD = gnu99;
				GCC_DYNAMIC_NO_PIC = NO;
				GCC_NO_COMMON_BLOCKS = YES;
				GCC_OPTIMIZATION_LEVEL = 0;
				GCC_PREPROCESSOR_DEFINITIONS = (
					"DEBUG=1",
					"$(inherited)",
				);
				GCC_WARN_64_TO_32_BIT_CONVERSION = YES;
				GCC_WARN_ABOUT_RETURN_TYPE = YES_ERROR;
				GCC_WARN_UNDECLARED_SELECTOR = YES;
				GCC_WARN_UNINITIALIZED_AUTOS = YES_AGGRESSIVE;
				GCC_WARN_UNUSED_FUNCTION = YES;
				GCC_WARN_UNUSED_VARIABLE = YES;
				IPHONEOS_DEPLOYMENT_TARGET = 10.2;
				MTL_ENABLE_DEBUG_INFO = YES;
				ONLY_ACTIVE_ARCH = YES;
				SDKROOT = iphoneos;
				SWIFT_ACTIVE_COMPILATION_CONDITIONS = DEBUG;
				SWIFT_OPTIMIZATION_LEVEL = "-Onone";
			};
			name = Debug;
		};
		B36950391E338D3A00E1E236 /* Release */ = {
			isa = XCBuildConfiguration;
			buildSettings = {
				ALWAYS_SEARCH_USER_PATHS = NO;
				CLANG_ANALYZER_NONNULL = YES;
				CLANG_CXX_LANGUAGE_STANDARD = "gnu++0x";
				CLANG_CXX_LIBRARY = "libc++";
				CLANG_ENABLE_MODULES = YES;
				CLANG_ENABLE_OBJC_ARC = YES;
				CLANG_WARN_BOOL_CONVERSION = YES;
				CLANG_WARN_CONSTANT_CONVERSION = YES;
				CLANG_WARN_DIRECT_OBJC_ISA_USAGE = YES_ERROR;
				CLANG_WARN_DOCUMENTATION_COMMENTS = YES;
				CLANG_WARN_EMPTY_BODY = YES;
				CLANG_WARN_ENUM_CONVERSION = YES;
				CLANG_WARN_INFINITE_RECURSION = YES;
				CLANG_WARN_INT_CONVERSION = YES;
				CLANG_WARN_OBJC_ROOT_CLASS = YES_ERROR;
				CLANG_WARN_SUSPICIOUS_MOVE = YES;
				CLANG_WARN_UNREACHABLE_CODE = YES;
				CLANG_WARN__DUPLICATE_METHOD_MATCH = YES;
				"CODE_SIGN_IDENTITY[sdk=iphoneos*]" = "iPhone Developer";
				COPY_PHASE_STRIP = NO;
				DEBUG_INFORMATION_FORMAT = "dwarf-with-dsym";
				ENABLE_NS_ASSERTIONS = NO;
				ENABLE_STRICT_OBJC_MSGSEND = YES;
				GCC_C_LANGUAGE_STANDARD = gnu99;
				GCC_NO_COMMON_BLOCKS = YES;
				GCC_WARN_64_TO_32_BIT_CONVERSION = YES;
				GCC_WARN_ABOUT_RETURN_TYPE = YES_ERROR;
				GCC_WARN_UNDECLARED_SELECTOR = YES;
				GCC_WARN_UNINITIALIZED_AUTOS = YES_AGGRESSIVE;
				GCC_WARN_UNUSED_FUNCTION = YES;
				GCC_WARN_UNUSED_VARIABLE = YES;
				IPHONEOS_DEPLOYMENT_TARGET = 10.2;
				MTL_ENABLE_DEBUG_INFO = NO;
				SDKROOT = iphoneos;
				SWIFT_OPTIMIZATION_LEVEL = "-Owholemodule";
				VALIDATE_PRODUCT = YES;
			};
			name = Release;
		};
		B369503B1E338D3A00E1E236 /* Debug */ = {
			isa = XCBuildConfiguration;
			baseConfigurationReference = D36E7B50C970D5A5309B4E89 /* Pods-FAST NUCES.debug.xcconfig */;
			buildSettings = {
				ALWAYS_EMBED_SWIFT_STANDARD_LIBRARIES = YES;
				ASSETCATALOG_COMPILER_APPICON_NAME = AppIcon;
				CLANG_ENABLE_MODULES = YES;
				DEVELOPMENT_TEAM = KZCXBDTJNS;
				INFOPLIST_FILE = "FAST NUCES/Info.plist";
				LD_RUNPATH_SEARCH_PATHS = "$(inherited) @executable_path/Frameworks";
				PRODUCT_BUNDLE_IDENTIFIER = "faizan.FAST-NUCES";
				PRODUCT_NAME = "$(TARGET_NAME)";
				SWIFT_OBJC_BRIDGING_HEADER = "FAST NUCES/FAST NUCES-Bridging-Header.h";
				SWIFT_OPTIMIZATION_LEVEL = "-Onone";
				SWIFT_VERSION = 3.0;
				TARGETED_DEVICE_FAMILY = "1,2";
			};
			name = Debug;
		};
		B369503C1E338D3A00E1E236 /* Release */ = {
			isa = XCBuildConfiguration;
			baseConfigurationReference = C79BC17CD0F43ABD13B28C34 /* Pods-FAST NUCES.release.xcconfig */;
			buildSettings = {
				ALWAYS_EMBED_SWIFT_STANDARD_LIBRARIES = YES;
				ASSETCATALOG_COMPILER_APPICON_NAME = AppIcon;
				CLANG_ENABLE_MODULES = YES;
				DEVELOPMENT_TEAM = KZCXBDTJNS;
				INFOPLIST_FILE = "FAST NUCES/Info.plist";
				LD_RUNPATH_SEARCH_PATHS = "$(inherited) @executable_path/Frameworks";
				PRODUCT_BUNDLE_IDENTIFIER = "faizan.FAST-NUCES";
				PRODUCT_NAME = "$(TARGET_NAME)";
				SWIFT_OBJC_BRIDGING_HEADER = "FAST NUCES/FAST NUCES-Bridging-Header.h";
				SWIFT_VERSION = 3.0;
				TARGETED_DEVICE_FAMILY = "1,2";
			};
			name = Release;
		};
/* End XCBuildConfiguration section */

/* Begin XCConfigurationList section */
		B36950231E338D3900E1E236 /* Build configuration list for PBXProject "FAST NUCES" */ = {
			isa = XCConfigurationList;
			buildConfigurations = (
				B36950381E338D3A00E1E236 /* Debug */,
				B36950391E338D3A00E1E236 /* Release */,
			);
			defaultConfigurationIsVisible = 0;
			defaultConfigurationName = Release;
		};
		B369503A1E338D3A00E1E236 /* Build configuration list for PBXNativeTarget "FAST NUCES" */ = {
			isa = XCConfigurationList;
			buildConfigurations = (
				B369503B1E338D3A00E1E236 /* Debug */,
				B369503C1E338D3A00E1E236 /* Release */,
			);
			defaultConfigurationIsVisible = 0;
			defaultConfigurationName = Release;
		};
/* End XCConfigurationList section */
	};
	rootObject = B36950201E338D3900E1E236 /* Project object */;
}
